# This file is automatically @generated by Cargo.
# It is not intended for manual editing.
version = 4

[[package]]
name = "sinan-adapter-sdk"
version = "0.1.0"

[[package]]
name = "sinan-adapter-singbox"
version = "0.1.0"

[[package]]
name = "sinan-agent"
version = "0.1.0"

[[package]]
name = "sinan-agent-core"
version = "0.1.0"

[[package]]
name = "sinan-compiler"
version = "0.1.0"

[[package]]
name = "sinan-panel"
version = "0.1.0"

[[package]]
name = "sinan-protocol"
version = "0.1.0"
